// !$*UTF8*$!
{
	archiveVersion = 1;
	classes = {
	};
	objectVersion = 56;
	objects = {

/* Begin PBXBuildFile section */
		F18E6FB22B3813E700A3C3C5 /* LocatorApp.swift in Sources */ = {isa = PBXBuildFile; fileRef = F18E6FB12B3813E700A3C3C5 /* LocatorApp.swift */; };
		F18E6FB42B3813E700A3C3C5 /* ContentView.swift in Sources */ = {isa = PBXBuildFile; fileRef = F18E6FB32B3813E700A3C3C5 /* ContentView.swift */; };
		F18E6FB62B3813E800A3C3C5 /* Assets.xcassets in Resources */ = {isa = PBXBuildFile; fileRef = F18E6FB52B3813E800A3C3C5 /* Assets.xcassets */; };
		F18E6FB92B3813E800A3C3C5 /* Preview Assets.xcassets in Resources */ = {isa = PBXBuildFile; fileRef = F18E6FB82B3813E800A3C3C5 /* Preview Assets.xcassets */; };
		F18E6FC32B3813E800A3C3C5 /* LocatorTests.swift in Sources */ = {isa = PBXBuildFile; fileRef = F18E6FC22B3813E800A3C3C5 /* LocatorTests.swift */; };
		F18E6FCD2B3813E800A3C3C5 /* LocatorUITests.swift in Sources */ = {isa = PBXBuildFile; fileRef = F18E6FCC2B3813E800A3C3C5 /* LocatorUITests.swift */; };
		F18E6FCF2B3813E800A3C3C5 /* LocatorUITestsLaunchTests.swift in Sources */ = {isa = PBXBuildFile; fileRef = F18E6FCE2B3813E800A3C3C5 /* LocatorUITestsLaunchTests.swift */; };
		F18E6FDC2B3815A700A3C3C5 /* MapView.swift in Sources */ = {isa = PBXBuildFile; fileRef = F18E6FDB2B3815A700A3C3C5 /* MapView.swift */; };
		F18E6FDE2B38203200A3C3C5 /* Coordinator.swift in Sources */ = {isa = PBXBuildFile; fileRef = F18E6FDD2B38203200A3C3C5 /* Coordinator.swift */; };
		F18E6FE02B38227E00A3C3C5 /* LocationManager.swift in Sources */ = {isa = PBXBuildFile; fileRef = F18E6FDF2B38227E00A3C3C5 /* LocationManager.swift */; };
		F18E6FE22B382D6700A3C3C5 /* LandMark.swift in Sources */ = {isa = PBXBuildFile; fileRef = F18E6FE12B382D6700A3C3C5 /* LandMark.swift */; };
		F18E6FE42B382E1300A3C3C5 /* LandMarkAnnotations.swift in Sources */ = {isa = PBXBuildFile; fileRef = F18E6FE32B382E1300A3C3C5 /* LandMarkAnnotations.swift */; };
/* End PBXBuildFile section */

/* Begin PBXContainerItemProxy section */
		F18E6FBF2B3813E800A3C3C5 /* PBXContainerItemProxy */ = {
			isa = PBXContainerItemProxy;
			containerPortal = F18E6FA62B3813E700A3C3C5 /* Project object */;
			proxyType = 1;
			remoteGlobalIDString = F18E6FAD2B3813E700A3C3C5;
			remoteInfo = Locator;
		};
		F18E6FC92B3813E800A3C3C5 /* PBXContainerItemProxy */ = {
			isa = PBXContainerItemProxy;
			containerPortal = F18E6FA62B3813E700A3C3C5 /* Project object */;
			proxyType = 1;
			remoteGlobalIDString = F18E6FAD2B3813E700A3C3C5;
			remoteInfo = Locator;
		};
/* End PBXContainerItemProxy section */

/* Begin PBXFileReference section */
		F18E6FAE2B3813E700A3C3C5 /* Locator.app */ = {isa = PBXFileReference; explicitFileType = wrapper.application; includeInIndex = 0; path = Locator.app; sourceTree = BUILT_PRODUCTS_DIR; };
		F18E6FB12B3813E700A3C3C5 /* LocatorApp.swift */ = {isa = PBXFileReference; lastKnownFileType = sourcecode.swift; path = LocatorApp.swift; sourceTree = "<group>"; };
		F18E6FB32B3813E700A3C3C5 /* ContentView.swift */ = {isa = PBXFileReference; lastKnownFileType = sourcecode.swift; path = ContentView.swift; sourceTree = "<group>"; };
		F18E6FB52B3813E800A3C3C5 /* Assets.xcassets */ = {isa = PBXFileReference; lastKnownFileType = folder.assetcatalog; path = Assets.xcassets; sourceTree = "<group>"; };
		F18E6FB82B3813E800A3C3C5 /* Preview Assets.xcassets */ = {isa = PBXFileReference; lastKnownFileType = folder.assetcatalog; path = "Preview Assets.xcassets"; sourceTree = "<group>"; };
		F18E6FBE2B3813E800A3C3C5 /* LocatorTests.xctest */ = {isa = PBXFileReference; explicitFileType = wrapper.cfbundle; includeInIndex = 0; path = LocatorTests.xctest; sourceTree = BUILT_PRODUCTS_DIR; };
		F18E6FC22B3813E800A3C3C5 /* LocatorTests.swift */ = {isa = PBXFileReference; lastKnownFileType = sourcecode.swift; path = LocatorTests.swift; sourceTree = "<group>"; };
		F18E6FC82B3813E800A3C3C5 /* LocatorUITests.xctest */ = {isa = PBXFileReference; explicitFileType = wrapper.cfbundle; includeInIndex = 0; path = LocatorUITests.xctest; sourceTree = BUILT_PRODUCTS_DIR; };
		F18E6FCC2B3813E800A3C3C5 /* LocatorUITests.swift */ = {isa = PBXFileReference; lastKnownFileType = sourcecode.swift; path = LocatorUITests.swift; sourceTree = "<group>"; };
		F18E6FCE2B3813E800A3C3C5 /* LocatorUITestsLaunchTests.swift */ = {isa = PBXFileReference; lastKnownFileType = sourcecode.swift; path = LocatorUITestsLaunchTests.swift; sourceTree = "<group>"; };
		F18E6FDB2B3815A700A3C3C5 /* MapView.swift */ = {isa = PBXFileReference; lastKnownFileType = sourcecode.swift; path = MapView.swift; sourceTree = "<group>"; };
		F18E6FDD2B38203200A3C3C5 /* Coordinator.swift */ = {isa = PBXFileReference; lastKnownFileType = sourcecode.swift; path = Coordinator.swift; sourceTree = "<group>"; };
		F18E6FDF2B38227E00A3C3C5 /* LocationManager.swift */ = {isa = PBXFileReference; lastKnownFileType = sourcecode.swift; path = LocationManager.swift; sourceTree = "<group>"; };
		F18E6FE12B382D6700A3C3C5 /* LandMark.swift */ = {isa = PBXFileReference; lastKnownFileType = sourcecode.swift; path = LandMark.swift; sourceTree = "<group>"; };
		F18E6FE32B382E1300A3C3C5 /* LandMarkAnnotations.swift */ = {isa = PBXFileReference; lastKnownFileType = sourcecode.swift; path = LandMarkAnnotations.swift; sourceTree = "<group>"; };
/* End PBXFileReference section */

/* Begin PBXFrameworksBuildPhase section */
		F18E6FAB2B3813E700A3C3C5 /* Frameworks */ = {
			isa = PBXFrameworksBuildPhase;
			buildActionMask = 2147483647;
			files = (
			);
			runOnlyForDeploymentPostprocessing = 0;
		};
		F18E6FBB2B3813E800A3C3C5 /* Frameworks */ = {
			isa = PBXFrameworksBuildPhase;
			buildActionMask = 2147483647;
			files = (
			);
			runOnlyForDeploymentPostprocessing = 0;
		};
		F18E6FC52B3813E800A3C3C5 /* Frameworks */ = {
			isa = PBXFrameworksBuildPhase;
			buildActionMask = 2147483647;
			files = (
			);
			runOnlyForDeploymentPostprocessing = 0;
		};
/* End PBXFrameworksBuildPhase section */

/* Begin PBXGroup section */
		F18E6FA52B3813E700A3C3C5 = {
			isa = PBXGroup;
			children = (
				F18E6FB02B3813E700A3C3C5 /* Locator */,
				F18E6FC12B3813E800A3C3C5 /* LocatorTests */,
				F18E6FCB2B3813E800A3C3C5 /* LocatorUITests */,
				F18E6FAF2B3813E700A3C3C5 /* Products */,
			);
			sourceTree = "<group>";
		};
		F18E6FAF2B3813E700A3C3C5 /* Products */ = {
			isa = PBXGroup;
			children = (
				F18E6FAE2B3813E700A3C3C5 /* Locator.app */,
				F18E6FBE2B3813E800A3C3C5 /* LocatorTests.xctest */,
				F18E6FC82B3813E800A3C3C5 /* LocatorUITests.xctest */,
			);
			name = Products;
			sourceTree = "<group>";
		};
		F18E6FB02B3813E700A3C3C5 /* Locator */ = {
			isa = PBXGroup;
			children = (
				F18E6FE52B382EDB00A3C3C5 /* LandMarks */,
				F18E6FB12B3813E700A3C3C5 /* LocatorApp.swift */,
				F18E6FB32B3813E700A3C3C5 /* ContentView.swift */,
				F18E6FE62B382EED00A3C3C5 /* MapView */,
				F18E6FE72B382EFA00A3C3C5 /* locationManager */,
				F18E6FB52B3813E800A3C3C5 /* Assets.xcassets */,
				F18E6FB72B3813E800A3C3C5 /* Preview Content */,
			);
			path = Locator;
			sourceTree = "<group>";
		};
		F18E6FB72B3813E800A3C3C5 /* Preview Content */ = {
			isa = PBXGroup;
			children = (
				F18E6FB82B3813E800A3C3C5 /* Preview Assets.xcassets */,
			);
			path = "Preview Content";
			sourceTree = "<group>";
		};
		F18E6FC12B3813E800A3C3C5 /* LocatorTests */ = {
			isa = PBXGroup;
			children = (
				F18E6FC22B3813E800A3C3C5 /* LocatorTests.swift */,
			);
			path = LocatorTests;
			sourceTree = "<group>";
		};
		F18E6FCB2B3813E800A3C3C5 /* LocatorUITests */ = {
			isa = PBXGroup;
			children = (
				F18E6FCC2B3813E800A3C3C5 /* LocatorUITests.swift */,
				F18E6FCE2B3813E800A3C3C5 /* LocatorUITestsLaunchTests.swift */,
			);
			path = LocatorUITests;
			sourceTree = "<group>";
		};
		F18E6FE52B382EDB00A3C3C5 /* LandMarks */ = {
			isa = PBXGroup;
			children = (
				F18E6FE12B382D6700A3C3C5 /* LandMark.swift */,
				F18E6FE32B382E1300A3C3C5 /* LandMarkAnnotations.swift */,
			);
			path = LandMarks;
			sourceTree = "<group>";
		};
		F18E6FE62B382EED00A3C3C5 /* MapView */ = {
			isa = PBXGroup;
			children = (
				F18E6FDB2B3815A700A3C3C5 /* MapView.swift */,
				F18E6FDD2B38203200A3C3C5 /* Coordinator.swift */,
			);
			path = MapView;
			sourceTree = "<group>";
		};
		F18E6FE72B382EFA00A3C3C5 /* locationManager */ = {
			isa = PBXGroup;
			children = (
				F18E6FDF2B38227E00A3C3C5 /* LocationManager.swift */,
			);
			path = locationManager;
			sourceTree = "<group>";
		};
/* End PBXGroup section */

/* Begin PBXNativeTarget section */
		F18E6FAD2B3813E700A3C3C5 /* Locator */ = {
			isa = PBXNativeTarget;
			buildConfigurationList = F18E6FD22B3813E800A3C3C5 /* Build configuration list for PBXNativeTarget "Locator" */;
			buildPhases = (
				F18E6FAA2B3813E700A3C3C5 /* Sources */,
				F18E6FAB2B3813E700A3C3C5 /* Frameworks */,
				F18E6FAC2B3813E700A3C3C5 /* Resources */,
			);
			buildRules = (
			);
			dependencies = (
			);
			name = Locator;
			productName = Locator;
			productReference = F18E6FAE2B3813E700A3C3C5 /* Locator.app */;
			productType = "com.apple.product-type.application";
		};
		F18E6FBD2B3813E800A3C3C5 /* LocatorTests */ = {
			isa = PBXNativeTarget;
			buildConfigurationList = F18E6FD52B3813E800A3C3C5 /* Build configuration list for PBXNativeTarget "LocatorTests" */;
			buildPhases = (
				F18E6FBA2B3813E800A3C3C5 /* Sources */,
				F18E6FBB2B3813E800A3C3C5 /* Frameworks */,
				F18E6FBC2B3813E800A3C3C5 /* Resources */,
			);
			buildRules = (
			);
			dependencies = (
				F18E6FC02B3813E800A3C3C5 /* PBXTargetDependency */,
			);
			name = LocatorTests;
			productName = LocatorTests;
			productReference = F18E6FBE2B3813E800A3C3C5 /* LocatorTests.xctest */;
			productType = "com.apple.product-type.bundle.unit-test";
		};
		F18E6FC72B3813E800A3C3C5 /* LocatorUITests */ = {
			isa = PBXNativeTarget;
			buildConfigurationList = F18E6FD82B3813E800A3C3C5 /* Build configuration list for PBXNativeTarget "LocatorUITests" */;
			buildPhases = (
				F18E6FC42B3813E800A3C3C5 /* Sources */,
				F18E6FC52B3813E800A3C3C5 /* Frameworks */,
				F18E6FC62B3813E800A3C3C5 /* Resources */,
			);
			buildRules = (
			);
			dependencies = (
				F18E6FCA2B3813E800A3C3C5 /* PBXTargetDependency */,
			);
			name = LocatorUITests;
			productName = LocatorUITests;
			productReference = F18E6FC82B3813E800A3C3C5 /* LocatorUITests.xctest */;
			productType = "com.apple.product-type.bundle.ui-testing";
		};
/* End PBXNativeTarget section */

/* Begin PBXProject section */
		F18E6FA62B3813E700A3C3C5 /* Project object */ = {
			isa = PBXProject;
			attributes = {
				BuildIndependentTargetsInParallel = 1;
				LastSwiftUpdateCheck = 1430;
				LastUpgradeCheck = 1430;
				TargetAttributes = {
					F18E6FAD2B3813E700A3C3C5 = {
						CreatedOnToolsVersion = 14.3.1;
					};
					F18E6FBD2B3813E800A3C3C5 = {
						CreatedOnToolsVersion = 14.3.1;
						TestTargetID = F18E6FAD2B3813E700A3C3C5;
					};
					F18E6FC72B3813E800A3C3C5 = {
						CreatedOnToolsVersion = 14.3.1;
						TestTargetID = F18E6FAD2B3813E700A3C3C5;
					};
				};
			};
			buildConfigurationList = F18E6FA92B3813E700A3C3C5 /* Build configuration list for PBXProject "Locator" */;
			compatibilityVersion = "Xcode 14.0";
			developmentRegion = en;
			hasScannedForEncodings = 0;
			knownRegions = (
				en,
				Base,
			);
			mainGroup = F18E6FA52B3813E700A3C3C5;
			productRefGroup = F18E6FAF2B3813E700A3C3C5 /* Products */;
			projectDirPath = "";
			projectRoot = "";
			targets = (
				F18E6FAD2B3813E700A3C3C5 /* Locator */,
				F18E6FBD2B3813E800A3C3C5 /* LocatorTests */,
				F18E6FC72B3813E800A3C3C5 /* LocatorUITests */,
			);
		};
/* End PBXProject section */

/* Begin PBXResourcesBuildPhase section */
		F18E6FAC2B3813E700A3C3C5 /* Resources */ = {
			isa = PBXResourcesBuildPhase;
			buildActionMask = 2147483647;
			files = (
				F18E6FB92B3813E800A3C3C5 /* Preview Assets.xcassets in Resources */,
				F18E6FB62B3813E800A3C3C5 /* Assets.xcassets in Resources */,
			);
			runOnlyForDeploymentPostprocessing = 0;
		};
		F18E6FBC2B3813E800A3C3C5 /* Resources */ = {
			isa = PBXResourcesBuildPhase;
			buildActionMask = 2147483647;
			files = (
			);
			runOnlyForDeploymentPostprocessing = 0;
		};
		F18E6FC62B3813E800A3C3C5 /* Resources */ = {
			isa = PBXResourcesBuildPhase;
			buildActionMask = 2147483647;
			files = (
			);
			runOnlyForDeploymentPostprocessing = 0;
		};
/* End PBXResourcesBuildPhase section */

/* Begin PBXSourcesBuildPhase section */
		F18E6FAA2B3813E700A3C3C5 /* Sources */ = {
			isa = PBXSourcesBuildPhase;
			buildActionMask = 2147483647;
			files = (
				F18E6FDE2B38203200A3C3C5 /* Coordinator.swift in Sources */,
				F18E6FB42B3813E700A3C3C5 /* ContentView.swift in Sources */,
				F18E6FE02B38227E00A3C3C5 /* LocationManager.swift in Sources */,
				F18E6FE22B382D6700A3C3C5 /* LandMark.swift in Sources */,
				F18E6FDC2B3815A700A3C3C5 /* MapView.swift in Sources */,
				F18E6FB22B3813E700A3C3C5 /* LocatorApp.swift in Sources */,
				F18E6FE42B382E1300A3C3C5 /* LandMarkAnnotations.swift in Sources */,
			);
			runOnlyForDeploymentPostprocessing = 0;
		};
		F18E6FBA2B3813E800A3C3C5 /* Sources */ = {
			isa = PBXSourcesBuildPhase;
			buildActionMask = 2147483647;
			files = (
				F18E6FC32B3813E800A3C3C5 /* LocatorTests.swift in Sources */,
			);
			runOnlyForDeploymentPostprocessing = 0;
		};
		F18E6FC42B3813E800A3C3C5 /* Sources */ = {
			isa = PBXSourcesBuildPhase;
			buildActionMask = 2147483647;
			files = (
				F18E6FCD2B3813E800A3C3C5 /* LocatorUITests.swift in Sources */,
				F18E6FCF2B3813E800A3C3C5 /* LocatorUITestsLaunchTests.swift in Sources */,
			);
			runOnlyForDeploymentPostprocessing = 0;
		};
/* End PBXSourcesBuildPhase section */

/* Begin PBXTargetDependency section */
		F18E6FC02B3813E800A3C3C5 /* PBXTargetDependency */ = {
			isa = PBXTargetDependency;
			target = F18E6FAD2B3813E700A3C3C5 /* Locator */;
			targetProxy = F18E6FBF2B3813E800A3C3C5 /* PBXContainerItemProxy */;
		};
		F18E6FCA2B3813E800A3C3C5 /* PBXTargetDependency */ = {
			isa = PBXTargetDependency;
			target = F18E6FAD2B3813E700A3C3C5 /* Locator */;
			targetProxy = F18E6FC92B3813E800A3C3C5 /* PBXContainerItemProxy */;
		};
/* End PBXTargetDependency section */

/* Begin XCBuildConfiguration section */
		F18E6FD02B3813E800A3C3C5 /* Debug */ = {
			isa = XCBuildConfiguration;
			buildSettings = {
				ALWAYS_SEARCH_USER_PATHS = NO;
				CLANG_ANALYZER_NONNULL = YES;
				CLANG_ANALYZER_NUMBER_OBJECT_CONVERSION = YES_AGGRESSIVE;
				CLANG_CXX_LANGUAGE_STANDARD = "gnu++20";
				CLANG_ENABLE_MODULES = YES;
				CLANG_ENABLE_OBJC_ARC = YES;
				CLANG_ENABLE_OBJC_WEAK = YES;
				CLANG_WARN_BLOCK_CAPTURE_AUTORELEASING = YES;
				CLANG_WARN_BOOL_CONVERSION = YES;
				CLANG_WARN_COMMA = YES;
				CLANG_WARN_CONSTANT_CONVERSION = YES;
				CLANG_WARN_DEPRECATED_OBJC_IMPLEMENTATIONS = YES;
				CLANG_WARN_DIRECT_OBJC_ISA_USAGE = YES_ERROR;
				CLANG_WARN_DOCUMENTATION_COMMENTS = YES;
				CLANG_WARN_EMPTY_BODY = YES;
				CLANG_WARN_ENUM_CONVERSION = YES;
				CLANG_WARN_INFINITE_RECURSION = YES;
				CLANG_WARN_INT_CONVERSION = YES;
				CLANG_WARN_NON_LITERAL_NULL_CONVERSION = YES;
				CLANG_WARN_OBJC_IMPLICIT_RETAIN_SELF = YES;
				CLANG_WARN_OBJC_LITERAL_CONVERSION = YES;
				CLANG_WARN_OBJC_ROOT_CLASS = YES_ERROR;
				CLANG_WARN_QUOTED_INCLUDE_IN_FRAMEWORK_HEADER = YES;
				CLANG_WARN_RANGE_LOOP_ANALYSIS = YES;
				CLANG_WARN_STRICT_PROTOTYPES = YES;
				CLANG_WARN_SUSPICIOUS_MOVE = YES;
				CLANG_WARN_UNGUARDED_AVAILABILITY = YES_AGGRESSIVE;
				CLANG_WARN_UNREACHABLE_CODE = YES;
				CLANG_WARN__DUPLICATE_METHOD_MATCH = YES;
				COPY_PHASE_STRIP = NO;
				DEBUG_INFORMATION_FORMAT = dwarf;
				ENABLE_STRICT_OBJC_MSGSEND = YES;
				ENABLE_TESTABILITY = YES;
				GCC_C_LANGUAGE_STANDARD = gnu11;
				GCC_DYNAMIC_NO_PIC = NO;
				GCC_NO_COMMON_BLOCKS = YES;
				GCC_OPTIMIZATION_LEVEL = 0;
				GCC_PREPROCESSOR_DEFINITIONS = (
					"DEBUG=1",
					"$(inherited)",
				);
				GCC_WARN_64_TO_32_BIT_CONVERSION = YES;
				GCC_WARN_ABOUT_RETURN_TYPE = YES_ERROR;
				GCC_WARN_UNDECLARED_SELECTOR = YES;
				GCC_WARN_UNINITIALIZED_AUTOS = YES_AGGRESSIVE;
				GCC_WARN_UNUSED_FUNCTION = YES;
				GCC_WARN_UNUSED_VARIABLE = YES;
				IPHONEOS_DEPLOYMENT_TARGET = 16.4;
				MTL_ENABLE_DEBUG_INFO = INCLUDE_SOURCE;
				MTL_FAST_MATH = YES;
				ONLY_ACTIVE_ARCH = YES;
				SDKROOT = iphoneos;
				SWIFT_ACTIVE_COMPILATION_CONDITIONS = DEBUG;
				SWIFT_OPTIMIZATION_LEVEL = "-Onone";
			};
			name = Debug;
		};
		F18E6FD12B3813E800A3C3C5 /* Release */ = {
			isa = XCBuildConfiguration;
			buildSettings = {
				ALWAYS_SEARCH_USER_PATHS = NO;
				CLANG_ANALYZER_NONNULL = YES;
				CLANG_ANALYZER_NUMBER_OBJECT_CONVERSION = YES_AGGRESSIVE;
				CLANG_CXX_LANGUAGE_STANDARD = "gnu++20";
				CLANG_ENABLE_MODULES = YES;
				CLANG_ENABLE_OBJC_ARC = YES;
				CLANG_ENABLE_OBJC_WEAK = YES;
				CLANG_WARN_BLOCK_CAPTURE_AUTORELEASING = YES;
				CLANG_WARN_BOOL_CONVERSION = YES;
				CLANG_WARN_COMMA = YES;
				CLANG_WARN_CONSTANT_CONVERSION = YES;
				CLANG_WARN_DEPRECATED_OBJC_IMPLEMENTATIONS = YES;
				CLANG_WARN_DIRECT_OBJC_ISA_USAGE = YES_ERROR;
				CLANG_WARN_DOCUMENTATION_COMMENTS = YES;
				CLANG_WARN_EMPTY_BODY = YES;
				CLANG_WARN_ENUM_CONVERSION = YES;
				CLANG_WARN_INFINITE_RECURSION = YES;
				CLANG_WARN_INT_CONVERSION = YES;
				CLANG_WARN_NON_LITERAL_NULL_CONVERSION = YES;
				CLANG_WARN_OBJC_IMPLICIT_RETAIN_SELF = YES;
				CLANG_WARN_OBJC_LITERAL_CONVERSION = YES;
				CLANG_WARN_OBJC_ROOT_CLASS = YES_ERROR;
				CLANG_WARN_QUOTED_INCLUDE_IN_FRAMEWORK_HEADER = YES;
				CLANG_WARN_RANGE_LOOP_ANALYSIS = YES;
				CLANG_WARN_STRICT_PROTOTYPES = YES;
				CLANG_WARN_SUSPICIOUS_MOVE = YES;
				CLANG_WARN_UNGUARDED_AVAILABILITY = YES_AGGRESSIVE;
				CLANG_WARN_UNREACHABLE_CODE = YES;
				CLANG_WARN__DUPLICATE_METHOD_MATCH = YES;
				COPY_PHASE_STRIP = NO;
				DEBUG_INFORMATION_FORMAT = "dwarf-with-dsym";
				ENABLE_NS_ASSERTIONS = NO;
				ENABLE_STRICT_OBJC_MSGSEND = YES;
				GCC_C_LANGUAGE_STANDARD = gnu11;
				GCC_NO_COMMON_BLOCKS = YES;
				GCC_WARN_64_TO_32_BIT_CONVERSION = YES;
				GCC_WARN_ABOUT_RETURN_TYPE = YES_ERROR;
				GCC_WARN_UNDECLARED_SELECTOR = YES;
				GCC_WARN_UNINITIALIZED_AUTOS = YES_AGGRESSIVE;
				GCC_WARN_UNUSED_FUNCTION = YES;
				GCC_WARN_UNUSED_VARIABLE = YES;
				IPHONEOS_DEPLOYMENT_TARGET = 16.4;
				MTL_ENABLE_DEBUG_INFO = NO;
				MTL_FAST_MATH = YES;
				SDKROOT = iphoneos;
				SWIFT_COMPILATION_MODE = wholemodule;
				SWIFT_OPTIMIZATION_LEVEL = "-O";
				VALIDATE_PRODUCT = YES;
			};
			name = Release;
		};
		F18E6FD32B3813E800A3C3C5 /* Debug */ = {
			isa = XCBuildConfiguration;
			buildSettings = {
				ASSETCATALOG_COMPILER_APPICON_NAME = AppIcon;
				ASSETCATALOG_COMPILER_GLOBAL_ACCENT_COLOR_NAME = AccentColor;
				CODE_SIGN_STYLE = Automatic;
				CURRENT_PROJECT_VERSION = 1;
				DEVELOPMENT_ASSET_PATHS = "\"Locator/Preview Content\"";
				DEVELOPMENT_TEAM = GT28PH595G;
				ENABLE_PREVIEWS = YES;
				GENERATE_INFOPLIST_FILE = YES;
				INFOPLIST_KEY_NSLocationAlwaysAndWhenInUseUsageDescription = "locator wants to use your location";
				INFOPLIST_KEY_NSLocationWhenInUseUsageDescription = "locator wants to use your location";
				INFOPLIST_KEY_UIApplicationSceneManifest_Generation = YES;
				INFOPLIST_KEY_UIApplicationSupportsIndirectInputEvents = YES;
				INFOPLIST_KEY_UILaunchScreen_Generation = YES;
				INFOPLIST_KEY_UISupportedInterfaceOrientations_iPad = "UIInterfaceOrientationPortrait UIInterfaceOrientationPortraitUpsideDown UIInterfaceOrientationLandscapeLeft UIInterfaceOrientationLandscapeRight";
				INFOPLIST_KEY_UISupportedInterfaceOrientations_iPhone = "UIInterfaceOrientationPortrait UIInterfaceOrientationLandscapeLeft UIInterfaceOrientationLandscapeRight";
				LD_RUNPATH_SEARCH_PATHS = (
					"$(inherited)",
					"@executable_path/Frameworks",
				);
				MARKETING_VERSION = 1.0;
				PRODUCT_BUNDLE_IDENTIFIER = apps.Test.aalaaeid.com.Locator;
				PRODUCT_NAME = "$(TARGET_NAME)";
				SWIFT_EMIT_LOC_STRINGS = YES;
				SWIFT_VERSION = 5.0;
				TARGETED_DEVICE_FAMILY = "1,2";
			};
			name = Debug;
		};
		F18E6FD42B3813E800A3C3C5 /* Release */ = {
			isa = XCBuildConfiguration;
			buildSettings = {
				ASSETCATALOG_COMPILER_APPICON_NAME = AppIcon;
				ASSETCATALOG_COMPILER_GLOBAL_ACCENT_COLOR_NAME = AccentColor;
				CODE_SIGN_STYLE = Automatic;
				CURRENT_PROJECT_VERSION = 1;
				DEVELOPMENT_ASSET_PATHS = "\"Locator/Preview Content\"";
				DEVELOPMENT_TEAM = GT28PH595G;
				ENABLE_PREVIEWS = YES;
				GENERATE_INFOPLIST_FILE = YES;
				INFOPLIST_KEY_NSLocationAlwaysAndWhenInUseUsageDescription = "locator wants to use your location";
				INFOPLIST_KEY_NSLocationWhenInUseUsageDescription = "locator wants to use your location";
				INFOPLIST_KEY_UIApplicationSceneManifest_Generation = YES;
				INFOPLIST_KEY_UIApplicationSupportsIndirectInputEvents = YES;
				INFOPLIST_KEY_UILaunchScreen_Generation = YES;
				INFOPLIST_KEY_UISupportedInterfaceOrientations_iPad = "UIInterfaceOrientationPortrait UIInterfaceOrientationPortraitUpsideDown UIInterfaceOrientationLandscapeLeft UIInterfaceOrientationLandscapeRight";
				INFOPLIST_KEY_UISupportedInterfaceOrientations_iPhone = "UIInterfaceOrientationPortrait UIInterfaceOrientationLandscapeLeft UIInterfaceOrientationLandscapeRight";
				LD_RUNPATH_SEARCH_PATHS = (
					"$(inherited)",
					"@executable_path/Frameworks",
				);
				MARKETING_VERSION = 1.0;
				PRODUCT_BUNDLE_IDENTIFIER = apps.Test.aalaaeid.com.Locator;
				PRODUCT_NAME = "$(TARGET_NAME)";
				SWIFT_EMIT_LOC_STRINGS = YES;
				SWIFT_VERSION = 5.0;
				TARGETED_DEVICE_FAMILY = "1,2";
			};
			name = Release;
		};
		F18E6FD62B3813E800A3C3C5 /* Debug */ = {
			isa = XCBuildConfiguration;
			buildSettings = {
				ALWAYS_EMBED_SWIFT_STANDARD_LIBRARIES = YES;
				BUNDLE_LOADER = "$(TEST_HOST)";
				CODE_SIGN_STYLE = Automatic;
				CURRENT_PROJECT_VERSION = 1;
				DEVELOPMENT_TEAM = GT28PH595G;
				GENERATE_INFOPLIST_FILE = YES;
				IPHONEOS_DEPLOYMENT_TARGET = 16.4;
				MARKETING_VERSION = 1.0;
				PRODUCT_BUNDLE_IDENTIFIER = apps.Test.aalaaeid.com.LocatorTests;
				PRODUCT_NAME = "$(TARGET_NAME)";
				SWIFT_EMIT_LOC_STRINGS = NO;
				SWIFT_VERSION = 5.0;
				TARGETED_DEVICE_FAMILY = "1,2";
				TEST_HOST = "$(BUILT_PRODUCTS_DIR)/Locator.app/$(BUNDLE_EXECUTABLE_FOLDER_PATH)/Locator";
			};
			name = Debug;
		};
		F18E6FD72B3813E800A3C3C5 /* Release */ = {
			isa = XCBuildConfiguration;
			buildSettings = {
				ALWAYS_EMBED_SWIFT_STANDARD_LIBRARIES = YES;
				BUNDLE_LOADER = "$(TEST_HOST)";
				CODE_SIGN_STYLE = Automatic;
				CURRENT_PROJECT_VERSION = 1;
				DEVELOPMENT_TEAM = GT28PH595G;
				GENERATE_INFOPLIST_FILE = YES;
				IPHONEOS_DEPLOYMENT_TARGET = 16.4;
				MARKETING_VERSION = 1.0;
				PRODUCT_BUNDLE_IDENTIFIER = apps.Test.aalaaeid.com.LocatorTests;
				PRODUCT_NAME = "$(TARGET_NAME)";
				SWIFT_EMIT_LOC_STRINGS = NO;
				SWIFT_VERSION = 5.0;
				TARGETED_DEVICE_FAMILY = "1,2";
				TEST_HOST = "$(BUILT_PRODUCTS_DIR)/Locator.app/$(BUNDLE_EXECUTABLE_FOLDER_PATH)/Locator";
			};
			name = Release;
		};
		F18E6FD92B3813E800A3C3C5 /* Debug */ = {
			isa = XCBuildConfiguration;
			buildSettings = {
				ALWAYS_EMBED_SWIFT_STANDARD_LIBRARIES = YES;
				CODE_SIGN_STYLE = Automatic;
				CURRENT_PROJECT_VERSION = 1;
				DEVELOPMENT_TEAM = GT28PH595G;
				GENERATE_INFOPLIST_FILE = YES;
				MARKETING_VERSION = 1.0;
				PRODUCT_BUNDLE_IDENTIFIER = apps.Test.aalaaeid.com.LocatorUITests;
				PRODUCT_NAME = "$(TARGET_NAME)";
				SWIFT_EMIT_LOC_STRINGS = NO;
				SWIFT_VERSION = 5.0;
				TARGETED_DEVICE_FAMILY = "1,2";
				TEST_TARGET_NAME = Locator;
			};
			name = Debug;
		};
		F18E6FDA2B3813E800A3C3C5 /* Release */ = {
			isa = XCBuildConfiguration;
			buildSettings = {
				ALWAYS_EMBED_SWIFT_STANDARD_LIBRARIES = YES;
				CODE_SIGN_STYLE = Automatic;
				CURRENT_PROJECT_VERSION = 1;
				DEVELOPMENT_TEAM = GT28PH595G;
				GENERATE_INFOPLIST_FILE = YES;
				MARKETING_VERSION = 1.0;
				PRODUCT_BUNDLE_IDENTIFIER = apps.Test.aalaaeid.com.LocatorUITests;
				PRODUCT_NAME = "$(TARGET_NAME)";
				SWIFT_EMIT_LOC_STRINGS = NO;
				SWIFT_VERSION = 5.0;
				TARGETED_DEVICE_FAMILY = "1,2";
				TEST_TARGET_NAME = Locator;
			};
			name = Release;
		};
/* End XCBuildConfiguration section */

/* Begin XCConfigurationList section */
		F18E6FA92B3813E700A3C3C5 /* Build configuration list for PBXProject "Locator" */ = {
			isa = XCConfigurationList;
			buildConfigurations = (
				F18E6FD02B3813E800A3C3C5 /* Debug */,
				F18E6FD12B3813E800A3C3C5 /* Release */,
			);
			defaultConfigurationIsVisible = 0;
			defaultConfigurationName = Release;
		};
		F18E6FD22B3813E800A3C3C5 /* Build configuration list for PBXNativeTarget "Locator" */ = {
			isa = XCConfigurationList;
			buildConfigurations = (
				F18E6FD32B3813E800A3C3C5 /* Debug */,
				F18E6FD42B3813E800A3C3C5 /* Release */,
			);
			defaultConfigurationIsVisible = 0;
			defaultConfigurationName = Release;
		};
		F18E6FD52B3813E800A3C3C5 /* Build configuration list for PBXNativeTarget "LocatorTests" */ = {
			isa = XCConfigurationList;
			buildConfigurations = (
				F18E6FD62B3813E800A3C3C5 /* Debug */,
				F18E6FD72B3813E800A3C3C5 /* Release */,
			);
			defaultConfigurationIsVisible = 0;
			defaultConfigurationName = Release;
		};
		F18E6FD82B3813E800A3C3C5 /* Build configuration list for PBXNativeTarget "LocatorUITests" */ = {
			isa = XCConfigurationList;
			buildConfigurations = (
				F18E6FD92B3813E800A3C3C5 /* Debug */,
				F18E6FDA2B3813E800A3C3C5 /* Release */,
			);
			defaultConfigurationIsVisible = 0;
			defaultConfigurationName = Release;
		};
/* End XCConfigurationList section */
	};
	rootObject = F18E6FA62B3813E700A3C3C5 /* Project object */;
}
