// !$*UTF8*$!
{
	archiveVersion = 1;
	classes = {
	};
	objectVersion = 56;
	objects = {

/* Begin PBXBuildFile section */
		F1F587422B35F4A4005F6150 /* NightShiftApp.swift in Sources */ = {isa = PBXBuildFile; fileRef = F1F587412B35F4A4005F6150 /* NightShiftApp.swift */; };
		F1F587442B35F4A4005F6150 /* ContentView.swift in Sources */ = {isa = PBXBuildFile; fileRef = F1F587432B35F4A4005F6150 /* ContentView.swift */; };
		F1F587462B35F4A5005F6150 /* Assets.xcassets in Resources */ = {isa = PBXBuildFile; fileRef = F1F587452B35F4A5005F6150 /* Assets.xcassets */; };
		F1F587492B35F4A5005F6150 /* Preview Assets.xcassets in Resources */ = {isa = PBXBuildFile; fileRef = F1F587482B35F4A5005F6150 /* Preview Assets.xcassets */; };
		F1F587532B35F4A5005F6150 /* NightShiftTests.swift in Sources */ = {isa = PBXBuildFile; fileRef = F1F587522B35F4A5005F6150 /* NightShiftTests.swift */; };
		F1F5875D2B35F4A6005F6150 /* NightShiftUITests.swift in Sources */ = {isa = PBXBuildFile; fileRef = F1F5875C2B35F4A6005F6150 /* NightShiftUITests.swift */; };
		F1F5875F2B35F4A6005F6150 /* NightShiftUITestsLaunchTests.swift in Sources */ = {isa = PBXBuildFile; fileRef = F1F5875E2B35F4A6005F6150 /* NightShiftUITestsLaunchTests.swift */; };
		F1F5876C2B35FB81005F6150 /* NotificationBody.swift in Sources */ = {isa = PBXBuildFile; fileRef = F1F5876B2B35FB81005F6150 /* NotificationBody.swift */; };
/* End PBXBuildFile section */

/* Begin PBXContainerItemProxy section */
		F1F5874F2B35F4A5005F6150 /* PBXContainerItemProxy */ = {
			isa = PBXContainerItemProxy;
			containerPortal = F1F587362B35F4A4005F6150 /* Project object */;
			proxyType = 1;
			remoteGlobalIDString = F1F5873D2B35F4A4005F6150;
			remoteInfo = NightShift;
		};
		F1F587592B35F4A6005F6150 /* PBXContainerItemProxy */ = {
			isa = PBXContainerItemProxy;
			containerPortal = F1F587362B35F4A4005F6150 /* Project object */;
			proxyType = 1;
			remoteGlobalIDString = F1F5873D2B35F4A4005F6150;
			remoteInfo = NightShift;
		};
/* End PBXContainerItemProxy section */

/* Begin PBXFileReference section */
		F1F5873E2B35F4A4005F6150 /* NightShift.app */ = {isa = PBXFileReference; explicitFileType = wrapper.application; includeInIndex = 0; path = NightShift.app; sourceTree = BUILT_PRODUCTS_DIR; };
		F1F587412B35F4A4005F6150 /* NightShiftApp.swift */ = {isa = PBXFileReference; lastKnownFileType = sourcecode.swift; path = NightShiftApp.swift; sourceTree = "<group>"; };
		F1F587432B35F4A4005F6150 /* ContentView.swift */ = {isa = PBXFileReference; lastKnownFileType = sourcecode.swift; path = ContentView.swift; sourceTree = "<group>"; };
		F1F587452B35F4A5005F6150 /* Assets.xcassets */ = {isa = PBXFileReference; lastKnownFileType = folder.assetcatalog; path = Assets.xcassets; sourceTree = "<group>"; };
		F1F587482B35F4A5005F6150 /* Preview Assets.xcassets */ = {isa = PBXFileReference; lastKnownFileType = folder.assetcatalog; path = "Preview Assets.xcassets"; sourceTree = "<group>"; };
		F1F5874E2B35F4A5005F6150 /* NightShiftTests.xctest */ = {isa = PBXFileReference; explicitFileType = wrapper.cfbundle; includeInIndex = 0; path = NightShiftTests.xctest; sourceTree = BUILT_PRODUCTS_DIR; };
		F1F587522B35F4A5005F6150 /* NightShiftTests.swift */ = {isa = PBXFileReference; lastKnownFileType = sourcecode.swift; path = NightShiftTests.swift; sourceTree = "<group>"; };
		F1F587582B35F4A6005F6150 /* NightShiftUITests.xctest */ = {isa = PBXFileReference; explicitFileType = wrapper.cfbundle; includeInIndex = 0; path = NightShiftUITests.xctest; sourceTree = BUILT_PRODUCTS_DIR; };
		F1F5875C2B35F4A6005F6150 /* NightShiftUITests.swift */ = {isa = PBXFileReference; lastKnownFileType = sourcecode.swift; path = NightShiftUITests.swift; sourceTree = "<group>"; };
		F1F5875E2B35F4A6005F6150 /* NightShiftUITestsLaunchTests.swift */ = {isa = PBXFileReference; lastKnownFileType = sourcecode.swift; path = NightShiftUITestsLaunchTests.swift; sourceTree = "<group>"; };
		F1F5876B2B35FB81005F6150 /* NotificationBody.swift */ = {isa = PBXFileReference; lastKnownFileType = sourcecode.swift; path = NotificationBody.swift; sourceTree = "<group>"; };
/* End PBXFileReference section */

/* Begin PBXFrameworksBuildPhase section */
		F1F5873B2B35F4A4005F6150 /* Frameworks */ = {
			isa = PBXFrameworksBuildPhase;
			buildActionMask = 2147483647;
			files = (
			);
			runOnlyForDeploymentPostprocessing = 0;
		};
		F1F5874B2B35F4A5005F6150 /* Frameworks */ = {
			isa = PBXFrameworksBuildPhase;
			buildActionMask = 2147483647;
			files = (
			);
			runOnlyForDeploymentPostprocessing = 0;
		};
		F1F587552B35F4A6005F6150 /* Frameworks */ = {
			isa = PBXFrameworksBuildPhase;
			buildActionMask = 2147483647;
			files = (
			);
			runOnlyForDeploymentPostprocessing = 0;
		};
/* End PBXFrameworksBuildPhase section */

/* Begin PBXGroup section */
		F1F587352B35F4A4005F6150 = {
			isa = PBXGroup;
			children = (
				F1F587402B35F4A4005F6150 /* NightShift */,
				F1F587512B35F4A5005F6150 /* NightShiftTests */,
				F1F5875B2B35F4A6005F6150 /* NightShiftUITests */,
				F1F5873F2B35F4A4005F6150 /* Products */,
			);
			sourceTree = "<group>";
		};
		F1F5873F2B35F4A4005F6150 /* Products */ = {
			isa = PBXGroup;
			children = (
				F1F5873E2B35F4A4005F6150 /* NightShift.app */,
				F1F5874E2B35F4A5005F6150 /* NightShiftTests.xctest */,
				F1F587582B35F4A6005F6150 /* NightShiftUITests.xctest */,
			);
			name = Products;
			sourceTree = "<group>";
		};
		F1F587402B35F4A4005F6150 /* NightShift */ = {
			isa = PBXGroup;
			children = (
				F1F587412B35F4A4005F6150 /* NightShiftApp.swift */,
				F1F587432B35F4A4005F6150 /* ContentView.swift */,
				F1F5876B2B35FB81005F6150 /* NotificationBody.swift */,
				F1F587452B35F4A5005F6150 /* Assets.xcassets */,
				F1F587472B35F4A5005F6150 /* Preview Content */,
			);
			path = NightShift;
			sourceTree = "<group>";
		};
		F1F587472B35F4A5005F6150 /* Preview Content */ = {
			isa = PBXGroup;
			children = (
				F1F587482B35F4A5005F6150 /* Preview Assets.xcassets */,
			);
			path = "Preview Content";
			sourceTree = "<group>";
		};
		F1F587512B35F4A5005F6150 /* NightShiftTests */ = {
			isa = PBXGroup;
			children = (
				F1F587522B35F4A5005F6150 /* NightShiftTests.swift */,
			);
			path = NightShiftTests;
			sourceTree = "<group>";
		};
		F1F5875B2B35F4A6005F6150 /* NightShiftUITests */ = {
			isa = PBXGroup;
			children = (
				F1F5875C2B35F4A6005F6150 /* NightShiftUITests.swift */,
				F1F5875E2B35F4A6005F6150 /* NightShiftUITestsLaunchTests.swift */,
			);
			path = NightShiftUITests;
			sourceTree = "<group>";
		};
/* End PBXGroup section */

/* Begin PBXNativeTarget section */
		F1F5873D2B35F4A4005F6150 /* NightShift */ = {
			isa = PBXNativeTarget;
			buildConfigurationList = F1F587622B35F4A6005F6150 /* Build configuration list for PBXNativeTarget "NightShift" */;
			buildPhases = (
				F1F5873A2B35F4A4005F6150 /* Sources */,
				F1F5873B2B35F4A4005F6150 /* Frameworks */,
				F1F5873C2B35F4A4005F6150 /* Resources */,
			);
			buildRules = (
			);
			dependencies = (
			);
			name = NightShift;
			productName = NightShift;
			productReference = F1F5873E2B35F4A4005F6150 /* NightShift.app */;
			productType = "com.apple.product-type.application";
		};
		F1F5874D2B35F4A5005F6150 /* NightShiftTests */ = {
			isa = PBXNativeTarget;
			buildConfigurationList = F1F587652B35F4A6005F6150 /* Build configuration list for PBXNativeTarget "NightShiftTests" */;
			buildPhases = (
				F1F5874A2B35F4A5005F6150 /* Sources */,
				F1F5874B2B35F4A5005F6150 /* Frameworks */,
				F1F5874C2B35F4A5005F6150 /* Resources */,
			);
			buildRules = (
			);
			dependencies = (
				F1F587502B35F4A5005F6150 /* PBXTargetDependency */,
			);
			name = NightShiftTests;
			productName = NightShiftTests;
			productReference = F1F5874E2B35F4A5005F6150 /* NightShiftTests.xctest */;
			productType = "com.apple.product-type.bundle.unit-test";
		};
		F1F587572B35F4A6005F6150 /* NightShiftUITests */ = {
			isa = PBXNativeTarget;
			buildConfigurationList = F1F587682B35F4A6005F6150 /* Build configuration list for PBXNativeTarget "NightShiftUITests" */;
			buildPhases = (
				F1F587542B35F4A6005F6150 /* Sources */,
				F1F587552B35F4A6005F6150 /* Frameworks */,
				F1F587562B35F4A6005F6150 /* Resources */,
			);
			buildRules = (
			);
			dependencies = (
				F1F5875A2B35F4A6005F6150 /* PBXTargetDependency */,
			);
			name = NightShiftUITests;
			productName = NightShiftUITests;
			productReference = F1F587582B35F4A6005F6150 /* NightShiftUITests.xctest */;
			productType = "com.apple.product-type.bundle.ui-testing";
		};
/* End PBXNativeTarget section */

/* Begin PBXProject section */
		F1F587362B35F4A4005F6150 /* Project object */ = {
			isa = PBXProject;
			attributes = {
				BuildIndependentTargetsInParallel = 1;
				LastSwiftUpdateCheck = 1430;
				LastUpgradeCheck = 1430;
				TargetAttributes = {
					F1F5873D2B35F4A4005F6150 = {
						CreatedOnToolsVersion = 14.3.1;
					};
					F1F5874D2B35F4A5005F6150 = {
						CreatedOnToolsVersion = 14.3.1;
						TestTargetID = F1F5873D2B35F4A4005F6150;
					};
					F1F587572B35F4A6005F6150 = {
						CreatedOnToolsVersion = 14.3.1;
						TestTargetID = F1F5873D2B35F4A4005F6150;
					};
				};
			};
			buildConfigurationList = F1F587392B35F4A4005F6150 /* Build configuration list for PBXProject "NightShift" */;
			compatibilityVersion = "Xcode 14.0";
			developmentRegion = en;
			hasScannedForEncodings = 0;
			knownRegions = (
				en,
				Base,
			);
			mainGroup = F1F587352B35F4A4005F6150;
			productRefGroup = F1F5873F2B35F4A4005F6150 /* Products */;
			projectDirPath = "";
			projectRoot = "";
			targets = (
				F1F5873D2B35F4A4005F6150 /* NightShift */,
				F1F5874D2B35F4A5005F6150 /* NightShiftTests */,
				F1F587572B35F4A6005F6150 /* NightShiftUITests */,
			);
		};
/* End PBXProject section */

/* Begin PBXResourcesBuildPhase section */
		F1F5873C2B35F4A4005F6150 /* Resources */ = {
			isa = PBXResourcesBuildPhase;
			buildActionMask = 2147483647;
			files = (
				F1F587492B35F4A5005F6150 /* Preview Assets.xcassets in Resources */,
				F1F587462B35F4A5005F6150 /* Assets.xcassets in Resources */,
			);
			runOnlyForDeploymentPostprocessing = 0;
		};
		F1F5874C2B35F4A5005F6150 /* Resources */ = {
			isa = PBXResourcesBuildPhase;
			buildActionMask = 2147483647;
			files = (
			);
			runOnlyForDeploymentPostprocessing = 0;
		};
		F1F587562B35F4A6005F6150 /* Resources */ = {
			isa = PBXResourcesBuildPhase;
			buildActionMask = 2147483647;
			files = (
			);
			runOnlyForDeploymentPostprocessing = 0;
		};
/* End PBXResourcesBuildPhase section */

/* Begin PBXSourcesBuildPhase section */
		F1F5873A2B35F4A4005F6150 /* Sources */ = {
			isa = PBXSourcesBuildPhase;
			buildActionMask = 2147483647;
			files = (
				F1F587442B35F4A4005F6150 /* ContentView.swift in Sources */,
				F1F587422B35F4A4005F6150 /* NightShiftApp.swift in Sources */,
				F1F5876C2B35FB81005F6150 /* NotificationBody.swift in Sources */,
			);
			runOnlyForDeploymentPostprocessing = 0;
		};
		F1F5874A2B35F4A5005F6150 /* Sources */ = {
			isa = PBXSourcesBuildPhase;
			buildActionMask = 2147483647;
			files = (
				F1F587532B35F4A5005F6150 /* NightShiftTests.swift in Sources */,
			);
			runOnlyForDeploymentPostprocessing = 0;
		};
		F1F587542B35F4A6005F6150 /* Sources */ = {
			isa = PBXSourcesBuildPhase;
			buildActionMask = 2147483647;
			files = (
				F1F5875F2B35F4A6005F6150 /* NightShiftUITestsLaunchTests.swift in Sources */,
				F1F5875D2B35F4A6005F6150 /* NightShiftUITests.swift in Sources */,
			);
			runOnlyForDeploymentPostprocessing = 0;
		};
/* End PBXSourcesBuildPhase section */

/* Begin PBXTargetDependency section */
		F1F587502B35F4A5005F6150 /* PBXTargetDependency */ = {
			isa = PBXTargetDependency;
			target = F1F5873D2B35F4A4005F6150 /* NightShift */;
			targetProxy = F1F5874F2B35F4A5005F6150 /* PBXContainerItemProxy */;
		};
		F1F5875A2B35F4A6005F6150 /* PBXTargetDependency */ = {
			isa = PBXTargetDependency;
			target = F1F5873D2B35F4A4005F6150 /* NightShift */;
			targetProxy = F1F587592B35F4A6005F6150 /* PBXContainerItemProxy */;
		};
/* End PBXTargetDependency section */

/* Begin XCBuildConfiguration section */
		F1F587602B35F4A6005F6150 /* Debug */ = {
			isa = XCBuildConfiguration;
			buildSettings = {
				ALWAYS_SEARCH_USER_PATHS = NO;
				CLANG_ANALYZER_NONNULL = YES;
				CLANG_ANALYZER_NUMBER_OBJECT_CONVERSION = YES_AGGRESSIVE;
				CLANG_CXX_LANGUAGE_STANDARD = "gnu++20";
				CLANG_ENABLE_MODULES = YES;
				CLANG_ENABLE_OBJC_ARC = YES;
				CLANG_ENABLE_OBJC_WEAK = YES;
				CLANG_WARN_BLOCK_CAPTURE_AUTORELEASING = YES;
				CLANG_WARN_BOOL_CONVERSION = YES;
				CLANG_WARN_COMMA = YES;
				CLANG_WARN_CONSTANT_CONVERSION = YES;
				CLANG_WARN_DEPRECATED_OBJC_IMPLEMENTATIONS = YES;
				CLANG_WARN_DIRECT_OBJC_ISA_USAGE = YES_ERROR;
				CLANG_WARN_DOCUMENTATION_COMMENTS = YES;
				CLANG_WARN_EMPTY_BODY = YES;
				CLANG_WARN_ENUM_CONVERSION = YES;
				CLANG_WARN_INFINITE_RECURSION = YES;
				CLANG_WARN_INT_CONVERSION = YES;
				CLANG_WARN_NON_LITERAL_NULL_CONVERSION = YES;
				CLANG_WARN_OBJC_IMPLICIT_RETAIN_SELF = YES;
				CLANG_WARN_OBJC_LITERAL_CONVERSION = YES;
				CLANG_WARN_OBJC_ROOT_CLASS = YES_ERROR;
				CLANG_WARN_QUOTED_INCLUDE_IN_FRAMEWORK_HEADER = YES;
				CLANG_WARN_RANGE_LOOP_ANALYSIS = YES;
				CLANG_WARN_STRICT_PROTOTYPES = YES;
				CLANG_WARN_SUSPICIOUS_MOVE = YES;
				CLANG_WARN_UNGUARDED_AVAILABILITY = YES_AGGRESSIVE;
				CLANG_WARN_UNREACHABLE_CODE = YES;
				CLANG_WARN__DUPLICATE_METHOD_MATCH = YES;
				COPY_PHASE_STRIP = NO;
				DEBUG_INFORMATION_FORMAT = dwarf;
				ENABLE_STRICT_OBJC_MSGSEND = YES;
				ENABLE_TESTABILITY = YES;
				GCC_C_LANGUAGE_STANDARD = gnu11;
				GCC_DYNAMIC_NO_PIC = NO;
				GCC_NO_COMMON_BLOCKS = YES;
				GCC_OPTIMIZATION_LEVEL = 0;
				GCC_PREPROCESSOR_DEFINITIONS = (
					"DEBUG=1",
					"$(inherited)",
				);
				GCC_WARN_64_TO_32_BIT_CONVERSION = YES;
				GCC_WARN_ABOUT_RETURN_TYPE = YES_ERROR;
				GCC_WARN_UNDECLARED_SELECTOR = YES;
				GCC_WARN_UNINITIALIZED_AUTOS = YES_AGGRESSIVE;
				GCC_WARN_UNUSED_FUNCTION = YES;
				GCC_WARN_UNUSED_VARIABLE = YES;
				IPHONEOS_DEPLOYMENT_TARGET = 16.4;
				MTL_ENABLE_DEBUG_INFO = INCLUDE_SOURCE;
				MTL_FAST_MATH = YES;
				ONLY_ACTIVE_ARCH = YES;
				SDKROOT = iphoneos;
				SWIFT_ACTIVE_COMPILATION_CONDITIONS = DEBUG;
				SWIFT_OPTIMIZATION_LEVEL = "-Onone";
			};
			name = Debug;
		};
		F1F587612B35F4A6005F6150 /* Release */ = {
			isa = XCBuildConfiguration;
			buildSettings = {
				ALWAYS_SEARCH_USER_PATHS = NO;
				CLANG_ANALYZER_NONNULL = YES;
				CLANG_ANALYZER_NUMBER_OBJECT_CONVERSION = YES_AGGRESSIVE;
				CLANG_CXX_LANGUAGE_STANDARD = "gnu++20";
				CLANG_ENABLE_MODULES = YES;
				CLANG_ENABLE_OBJC_ARC = YES;
				CLANG_ENABLE_OBJC_WEAK = YES;
				CLANG_WARN_BLOCK_CAPTURE_AUTORELEASING = YES;
				CLANG_WARN_BOOL_CONVERSION = YES;
				CLANG_WARN_COMMA = YES;
				CLANG_WARN_CONSTANT_CONVERSION = YES;
				CLANG_WARN_DEPRECATED_OBJC_IMPLEMENTATIONS = YES;
				CLANG_WARN_DIRECT_OBJC_ISA_USAGE = YES_ERROR;
				CLANG_WARN_DOCUMENTATION_COMMENTS = YES;
				CLANG_WARN_EMPTY_BODY = YES;
				CLANG_WARN_ENUM_CONVERSION = YES;
				CLANG_WARN_INFINITE_RECURSION = YES;
				CLANG_WARN_INT_CONVERSION = YES;
				CLANG_WARN_NON_LITERAL_NULL_CONVERSION = YES;
				CLANG_WARN_OBJC_IMPLICIT_RETAIN_SELF = YES;
				CLANG_WARN_OBJC_LITERAL_CONVERSION = YES;
				CLANG_WARN_OBJC_ROOT_CLASS = YES_ERROR;
				CLANG_WARN_QUOTED_INCLUDE_IN_FRAMEWORK_HEADER = YES;
				CLANG_WARN_RANGE_LOOP_ANALYSIS = YES;
				CLANG_WARN_STRICT_PROTOTYPES = YES;
				CLANG_WARN_SUSPICIOUS_MOVE = YES;
				CLANG_WARN_UNGUARDED_AVAILABILITY = YES_AGGRESSIVE;
				CLANG_WARN_UNREACHABLE_CODE = YES;
				CLANG_WARN__DUPLICATE_METHOD_MATCH = YES;
				COPY_PHASE_STRIP = NO;
				DEBUG_INFORMATION_FORMAT = "dwarf-with-dsym";
				ENABLE_NS_ASSERTIONS = NO;
				ENABLE_STRICT_OBJC_MSGSEND = YES;
				GCC_C_LANGUAGE_STANDARD = gnu11;
				GCC_NO_COMMON_BLOCKS = YES;
				GCC_WARN_64_TO_32_BIT_CONVERSION = YES;
				GCC_WARN_ABOUT_RETURN_TYPE = YES_ERROR;
				GCC_WARN_UNDECLARED_SELECTOR = YES;
				GCC_WARN_UNINITIALIZED_AUTOS = YES_AGGRESSIVE;
				GCC_WARN_UNUSED_FUNCTION = YES;
				GCC_WARN_UNUSED_VARIABLE = YES;
				IPHONEOS_DEPLOYMENT_TARGET = 16.4;
				MTL_ENABLE_DEBUG_INFO = NO;
				MTL_FAST_MATH = YES;
				SDKROOT = iphoneos;
				SWIFT_COMPILATION_MODE = wholemodule;
				SWIFT_OPTIMIZATION_LEVEL = "-O";
				VALIDATE_PRODUCT = YES;
			};
			name = Release;
		};
		F1F587632B35F4A6005F6150 /* Debug */ = {
			isa = XCBuildConfiguration;
			buildSettings = {
				ASSETCATALOG_COMPILER_APPICON_NAME = AppIcon;
				ASSETCATALOG_COMPILER_GLOBAL_ACCENT_COLOR_NAME = AccentColor;
				CODE_SIGN_STYLE = Automatic;
				CURRENT_PROJECT_VERSION = 1;
				DEVELOPMENT_ASSET_PATHS = "\"NightShift/Preview Content\"";
				DEVELOPMENT_TEAM = GT28PH595G;
				ENABLE_PREVIEWS = YES;
				GENERATE_INFOPLIST_FILE = YES;
				INFOPLIST_KEY_UIApplicationSceneManifest_Generation = YES;
				INFOPLIST_KEY_UIApplicationSupportsIndirectInputEvents = YES;
				INFOPLIST_KEY_UILaunchScreen_Generation = YES;
				INFOPLIST_KEY_UISupportedInterfaceOrientations_iPad = "UIInterfaceOrientationPortrait UIInterfaceOrientationPortraitUpsideDown UIInterfaceOrientationLandscapeLeft UIInterfaceOrientationLandscapeRight";
				INFOPLIST_KEY_UISupportedInterfaceOrientations_iPhone = "UIInterfaceOrientationPortrait UIInterfaceOrientationLandscapeLeft UIInterfaceOrientationLandscapeRight";
				LD_RUNPATH_SEARCH_PATHS = (
					"$(inherited)",
					"@executable_path/Frameworks",
				);
				MARKETING_VERSION = 1.0;
				PRODUCT_BUNDLE_IDENTIFIER = apps.Test.aalaaeid.com.NightShift;
				PRODUCT_NAME = "$(TARGET_NAME)";
				SWIFT_EMIT_LOC_STRINGS = YES;
				SWIFT_VERSION = 5.0;
				TARGETED_DEVICE_FAMILY = "1,2";
			};
			name = Debug;
		};
		F1F587642B35F4A6005F6150 /* Release */ = {
			isa = XCBuildConfiguration;
			buildSettings = {
				ASSETCATALOG_COMPILER_APPICON_NAME = AppIcon;
				ASSETCATALOG_COMPILER_GLOBAL_ACCENT_COLOR_NAME = AccentColor;
				CODE_SIGN_STYLE = Automatic;
				CURRENT_PROJECT_VERSION = 1;
				DEVELOPMENT_ASSET_PATHS = "\"NightShift/Preview Content\"";
				DEVELOPMENT_TEAM = GT28PH595G;
				ENABLE_PREVIEWS = YES;
				GENERATE_INFOPLIST_FILE = YES;
				INFOPLIST_KEY_UIApplicationSceneManifest_Generation = YES;
				INFOPLIST_KEY_UIApplicationSupportsIndirectInputEvents = YES;
				INFOPLIST_KEY_UILaunchScreen_Generation = YES;
				INFOPLIST_KEY_UISupportedInterfaceOrientations_iPad = "UIInterfaceOrientationPortrait UIInterfaceOrientationPortraitUpsideDown UIInterfaceOrientationLandscapeLeft UIInterfaceOrientationLandscapeRight";
				INFOPLIST_KEY_UISupportedInterfaceOrientations_iPhone = "UIInterfaceOrientationPortrait UIInterfaceOrientationLandscapeLeft UIInterfaceOrientationLandscapeRight";
				LD_RUNPATH_SEARCH_PATHS = (
					"$(inherited)",
					"@executable_path/Frameworks",
				);
				MARKETING_VERSION = 1.0;
				PRODUCT_BUNDLE_IDENTIFIER = apps.Test.aalaaeid.com.NightShift;
				PRODUCT_NAME = "$(TARGET_NAME)";
				SWIFT_EMIT_LOC_STRINGS = YES;
				SWIFT_VERSION = 5.0;
				TARGETED_DEVICE_FAMILY = "1,2";
			};
			name = Release;
		};
		F1F587662B35F4A6005F6150 /* Debug */ = {
			isa = XCBuildConfiguration;
			buildSettings = {
				ALWAYS_EMBED_SWIFT_STANDARD_LIBRARIES = YES;
				BUNDLE_LOADER = "$(TEST_HOST)";
				CODE_SIGN_STYLE = Automatic;
				CURRENT_PROJECT_VERSION = 1;
				DEVELOPMENT_TEAM = GT28PH595G;
				GENERATE_INFOPLIST_FILE = YES;
				IPHONEOS_DEPLOYMENT_TARGET = 16.4;
				MARKETING_VERSION = 1.0;
				PRODUCT_BUNDLE_IDENTIFIER = apps.Test.aalaaeid.com.NightShiftTests;
				PRODUCT_NAME = "$(TARGET_NAME)";
				SWIFT_EMIT_LOC_STRINGS = NO;
				SWIFT_VERSION = 5.0;
				TARGETED_DEVICE_FAMILY = "1,2";
				TEST_HOST = "$(BUILT_PRODUCTS_DIR)/NightShift.app/$(BUNDLE_EXECUTABLE_FOLDER_PATH)/NightShift";
			};
			name = Debug;
		};
		F1F587672B35F4A6005F6150 /* Release */ = {
			isa = XCBuildConfiguration;
			buildSettings = {
				ALWAYS_EMBED_SWIFT_STANDARD_LIBRARIES = YES;
				BUNDLE_LOADER = "$(TEST_HOST)";
				CODE_SIGN_STYLE = Automatic;
				CURRENT_PROJECT_VERSION = 1;
				DEVELOPMENT_TEAM = GT28PH595G;
				GENERATE_INFOPLIST_FILE = YES;
				IPHONEOS_DEPLOYMENT_TARGET = 16.4;
				MARKETING_VERSION = 1.0;
				PRODUCT_BUNDLE_IDENTIFIER = apps.Test.aalaaeid.com.NightShiftTests;
				PRODUCT_NAME = "$(TARGET_NAME)";
				SWIFT_EMIT_LOC_STRINGS = NO;
				SWIFT_VERSION = 5.0;
				TARGETED_DEVICE_FAMILY = "1,2";
				TEST_HOST = "$(BUILT_PRODUCTS_DIR)/NightShift.app/$(BUNDLE_EXECUTABLE_FOLDER_PATH)/NightShift";
			};
			name = Release;
		};
		F1F587692B35F4A6005F6150 /* Debug */ = {
			isa = XCBuildConfiguration;
			buildSettings = {
				ALWAYS_EMBED_SWIFT_STANDARD_LIBRARIES = YES;
				CODE_SIGN_STYLE = Automatic;
				CURRENT_PROJECT_VERSION = 1;
				DEVELOPMENT_TEAM = GT28PH595G;
				GENERATE_INFOPLIST_FILE = YES;
				MARKETING_VERSION = 1.0;
				PRODUCT_BUNDLE_IDENTIFIER = apps.Test.aalaaeid.com.NightShiftUITests;
				PRODUCT_NAME = "$(TARGET_NAME)";
				SWIFT_EMIT_LOC_STRINGS = NO;
				SWIFT_VERSION = 5.0;
				TARGETED_DEVICE_FAMILY = "1,2";
				TEST_TARGET_NAME = NightShift;
			};
			name = Debug;
		};
		F1F5876A2B35F4A6005F6150 /* Release */ = {
			isa = XCBuildConfiguration;
			buildSettings = {
				ALWAYS_EMBED_SWIFT_STANDARD_LIBRARIES = YES;
				CODE_SIGN_STYLE = Automatic;
				CURRENT_PROJECT_VERSION = 1;
				DEVELOPMENT_TEAM = GT28PH595G;
				GENERATE_INFOPLIST_FILE = YES;
				MARKETING_VERSION = 1.0;
				PRODUCT_BUNDLE_IDENTIFIER = apps.Test.aalaaeid.com.NightShiftUITests;
				PRODUCT_NAME = "$(TARGET_NAME)";
				SWIFT_EMIT_LOC_STRINGS = NO;
				SWIFT_VERSION = 5.0;
				TARGETED_DEVICE_FAMILY = "1,2";
				TEST_TARGET_NAME = NightShift;
			};
			name = Release;
		};
/* End XCBuildConfiguration section */

/* Begin XCConfigurationList section */
		F1F587392B35F4A4005F6150 /* Build configuration list for PBXProject "NightShift" */ = {
			isa = XCConfigurationList;
			buildConfigurations = (
				F1F587602B35F4A6005F6150 /* Debug */,
				F1F587612B35F4A6005F6150 /* Release */,
			);
			defaultConfigurationIsVisible = 0;
			defaultConfigurationName = Release;
		};
		F1F587622B35F4A6005F6150 /* Build configuration list for PBXNativeTarget "NightShift" */ = {
			isa = XCConfigurationList;
			buildConfigurations = (
				F1F587632B35F4A6005F6150 /* Debug */,
				F1F587642B35F4A6005F6150 /* Release */,
			);
			defaultConfigurationIsVisible = 0;
			defaultConfigurationName = Release;
		};
		F1F587652B35F4A6005F6150 /* Build configuration list for PBXNativeTarget "NightShiftTests" */ = {
			isa = XCConfigurationList;
			buildConfigurations = (
				F1F587662B35F4A6005F6150 /* Debug */,
				F1F587672B35F4A6005F6150 /* Release */,
			);
			defaultConfigurationIsVisible = 0;
			defaultConfigurationName = Release;
		};
		F1F587682B35F4A6005F6150 /* Build configuration list for PBXNativeTarget "NightShiftUITests" */ = {
			isa = XCConfigurationList;
			buildConfigurations = (
				F1F587692B35F4A6005F6150 /* Debug */,
				F1F5876A2B35F4A6005F6150 /* Release */,
			);
			defaultConfigurationIsVisible = 0;
			defaultConfigurationName = Release;
		};
/* End XCConfigurationList section */
	};
	rootObject = F1F587362B35F4A4005F6150 /* Project object */;
}
